// !$*UTF8*$!
{
	archiveVersion = 1;
	classes = {
	};
	objectVersion = 56;
	objects = {

/* Begin PBXBuildFile section */
		18467AF02C5FF9C3003FBB27 /* GloriaHallelujah-Regular.ttf in Resources */ = {isa = PBXBuildFile; fileRef = 18467AED2C5FF9C3003FBB27 /* GloriaHallelujah-Regular.ttf */; };
		18467AF12C5FF9C3003FBB27 /* OFL.txt in Resources */ = {isa = PBXBuildFile; fileRef = 18467AEE2C5FF9C3003FBB27 /* OFL.txt */; };
		1857C4892BB863E5005C73EB /* FeedViewController.swift in Sources */ = {isa = PBXBuildFile; fileRef = 1857C4882BB863E5005C73EB /* FeedViewController.swift */; };
		1857C48B2BB8640C005C73EB /* UploadViewController.swift in Sources */ = {isa = PBXBuildFile; fileRef = 1857C48A2BB8640C005C73EB /* UploadViewController.swift */; };
		1857C48D2BB8642B005C73EB /* SettingsViewController.swift in Sources */ = {isa = PBXBuildFile; fileRef = 1857C48C2BB8642B005C73EB /* SettingsViewController.swift */; };
		1860B62B2BB70EE4002D4784 /* GoogleService-Info.plist in Resources */ = {isa = PBXBuildFile; fileRef = 1860B62A2BB70EE4002D4784 /* GoogleService-Info.plist */; };
		186129B72BBC269A00CC4DA7 /* SignupVC.swift in Sources */ = {isa = PBXBuildFile; fileRef = 186129B62BBC269A00CC4DA7 /* SignupVC.swift */; };
		18DE0E8B2BB9FCA400DA185A /* FeedCell.swift in Sources */ = {isa = PBXBuildFile; fileRef = 18DE0E8A2BB9FCA400DA185A /* FeedCell.swift */; };
		18F1639E2BB4B92500B7CEC8 /* AppDelegate.swift in Sources */ = {isa = PBXBuildFile; fileRef = 18F1639D2BB4B92500B7CEC8 /* AppDelegate.swift */; };
		18F163A02BB4B92500B7CEC8 /* SceneDelegate.swift in Sources */ = {isa = PBXBuildFile; fileRef = 18F1639F2BB4B92500B7CEC8 /* SceneDelegate.swift */; };
		18F163A22BB4B92500B7CEC8 /* ViewController.swift in Sources */ = {isa = PBXBuildFile; fileRef = 18F163A12BB4B92500B7CEC8 /* ViewController.swift */; };
		18F163A52BB4B92500B7CEC8 /* Main.storyboard in Resources */ = {isa = PBXBuildFile; fileRef = 18F163A32BB4B92500B7CEC8 /* Main.storyboard */; };
		18F163A82BB4B92500B7CEC8 /* EventifyApp1.xcdatamodeld in Sources */ = {isa = PBXBuildFile; fileRef = 18F163A62BB4B92500B7CEC8 /* EventifyApp1.xcdatamodeld */; };
		18F163AA2BB4B92600B7CEC8 /* Assets.xcassets in Resources */ = {isa = PBXBuildFile; fileRef = 18F163A92BB4B92600B7CEC8 /* Assets.xcassets */; };
		18F163AD2BB4B92600B7CEC8 /* LaunchScreen.storyboard in Resources */ = {isa = PBXBuildFile; fileRef = 18F163AB2BB4B92600B7CEC8 /* LaunchScreen.storyboard */; };
		18F648972C5E9D4100D1228E /* FirebaseAnalytics in Frameworks */ = {isa = PBXBuildFile; productRef = 18F648962C5E9D4100D1228E /* FirebaseAnalytics */; };
		18F648992C5E9D4100D1228E /* FirebaseAnalyticsOnDeviceConversion in Frameworks */ = {isa = PBXBuildFile; productRef = 18F648982C5E9D4100D1228E /* FirebaseAnalyticsOnDeviceConversion */; };
		18F6489B2C5E9D4100D1228E /* FirebaseAnalyticsWithoutAdIdSupport in Frameworks */ = {isa = PBXBuildFile; productRef = 18F6489A2C5E9D4100D1228E /* FirebaseAnalyticsWithoutAdIdSupport */; };
		18F6489D2C5E9D4100D1228E /* FirebaseAppCheck in Frameworks */ = {isa = PBXBuildFile; productRef = 18F6489C2C5E9D4100D1228E /* FirebaseAppCheck */; };
		18F6489F2C5E9D4100D1228E /* FirebaseAppDistribution-Beta in Frameworks */ = {isa = PBXBuildFile; productRef = 18F6489E2C5E9D4100D1228E /* FirebaseAppDistribution-Beta */; };
		18F648A12C5E9D4100D1228E /* FirebaseAuth in Frameworks */ = {isa = PBXBuildFile; productRef = 18F648A02C5E9D4100D1228E /* FirebaseAuth */; };
		18F648A32C5E9D4100D1228E /* FirebaseAuthCombine-Community in Frameworks */ = {isa = PBXBuildFile; productRef = 18F648A22C5E9D4100D1228E /* FirebaseAuthCombine-Community */; };
		18F648A52C5E9D4100D1228E /* FirebaseCrashlytics in Frameworks */ = {isa = PBXBuildFile; productRef = 18F648A42C5E9D4100D1228E /* FirebaseCrashlytics */; };
		18F648A72C5E9D4100D1228E /* FirebaseDatabase in Frameworks */ = {isa = PBXBuildFile; productRef = 18F648A62C5E9D4100D1228E /* FirebaseDatabase */; };
		18F648A92C5E9D4100D1228E /* FirebaseDynamicLinks in Frameworks */ = {isa = PBXBuildFile; productRef = 18F648A82C5E9D4100D1228E /* FirebaseDynamicLinks */; };
		18F648AB2C5E9D4100D1228E /* FirebaseFirestore in Frameworks */ = {isa = PBXBuildFile; productRef = 18F648AA2C5E9D4100D1228E /* FirebaseFirestore */; };
		18F648AD2C5E9D4100D1228E /* FirebaseFirestoreCombine-Community in Frameworks */ = {isa = PBXBuildFile; productRef = 18F648AC2C5E9D4100D1228E /* FirebaseFirestoreCombine-Community */; };
		18F648AF2C5E9D4100D1228E /* FirebaseFunctions in Frameworks */ = {isa = PBXBuildFile; productRef = 18F648AE2C5E9D4100D1228E /* FirebaseFunctions */; };
		18F648B12C5E9D4100D1228E /* FirebaseFunctionsCombine-Community in Frameworks */ = {isa = PBXBuildFile; productRef = 18F648B02C5E9D4100D1228E /* FirebaseFunctionsCombine-Community */; };
		18F648B32C5E9D4100D1228E /* FirebaseInAppMessaging-Beta in Frameworks */ = {isa = PBXBuildFile; productRef = 18F648B22C5E9D4100D1228E /* FirebaseInAppMessaging-Beta */; };
		18F648B52C5E9D4100D1228E /* FirebaseInstallations in Frameworks */ = {isa = PBXBuildFile; productRef = 18F648B42C5E9D4100D1228E /* FirebaseInstallations */; };
		18F648B72C5E9D4100D1228E /* FirebaseMLModelDownloader in Frameworks */ = {isa = PBXBuildFile; productRef = 18F648B62C5E9D4100D1228E /* FirebaseMLModelDownloader */; };
		18F648B92C5E9D4100D1228E /* FirebaseMessaging in Frameworks */ = {isa = PBXBuildFile; productRef = 18F648B82C5E9D4100D1228E /* FirebaseMessaging */; };
		18F648BB2C5E9D4100D1228E /* FirebasePerformance in Frameworks */ = {isa = PBXBuildFile; productRef = 18F648BA2C5E9D4100D1228E /* FirebasePerformance */; };
		18F648BD2C5E9D4100D1228E /* FirebaseRemoteConfig in Frameworks */ = {isa = PBXBuildFile; productRef = 18F648BC2C5E9D4100D1228E /* FirebaseRemoteConfig */; };
		18F648BF2C5E9D4100D1228E /* FirebaseStorage in Frameworks */ = {isa = PBXBuildFile; productRef = 18F648BE2C5E9D4100D1228E /* FirebaseStorage */; };
		18F648C12C5E9D4100D1228E /* FirebaseStorageCombine-Community in Frameworks */ = {isa = PBXBuildFile; productRef = 18F648C02C5E9D4100D1228E /* FirebaseStorageCombine-Community */; };
		18F648C32C5E9D4100D1228E /* FirebaseVertexAI-Preview in Frameworks */ = {isa = PBXBuildFile; productRef = 18F648C22C5E9D4100D1228E /* FirebaseVertexAI-Preview */; };
		18F648C62C5E9D6200D1228E /* SDWebImage in Frameworks */ = {isa = PBXBuildFile; productRef = 18F648C52C5E9D6200D1228E /* SDWebImage */; };
		18F648C82C5E9D6200D1228E /* SDWebImageMapKit in Frameworks */ = {isa = PBXBuildFile; productRef = 18F648C72C5E9D6200D1228E /* SDWebImageMapKit */; };
/* End PBXBuildFile section */

/* Begin PBXFileReference section */
		18467AED2C5FF9C3003FBB27 /* GloriaHallelujah-Regular.ttf */ = {isa = PBXFileReference; lastKnownFileType = file; path = "GloriaHallelujah-Regular.ttf"; sourceTree = "<group>"; };
		18467AEE2C5FF9C3003FBB27 /* OFL.txt */ = {isa = PBXFileReference; fileEncoding = 4; lastKnownFileType = text; path = OFL.txt; sourceTree = "<group>"; };
		1857C4882BB863E5005C73EB /* FeedViewController.swift */ = {isa = PBXFileReference; lastKnownFileType = sourcecode.swift; path = FeedViewController.swift; sourceTree = "<group>"; };
		1857C48A2BB8640C005C73EB /* UploadViewController.swift */ = {isa = PBXFileReference; lastKnownFileType = sourcecode.swift; path = UploadViewController.swift; sourceTree = "<group>"; };
		1857C48C2BB8642B005C73EB /* SettingsViewController.swift */ = {isa = PBXFileReference; lastKnownFileType = sourcecode.swift; path = SettingsViewController.swift; sourceTree = "<group>"; };
		1860B62A2BB70EE4002D4784 /* GoogleService-Info.plist */ = {isa = PBXFileReference; fileEncoding = 4; lastKnownFileType = text.plist.xml; path = "GoogleService-Info.plist"; sourceTree = "<group>"; };
		186129B62BBC269A00CC4DA7 /* SignupVC.swift */ = {isa = PBXFileReference; lastKnownFileType = sourcecode.swift; path = SignupVC.swift; sourceTree = "<group>"; };
		18DE0E8A2BB9FCA400DA185A /* FeedCell.swift */ = {isa = PBXFileReference; lastKnownFileType = sourcecode.swift; path = FeedCell.swift; sourceTree = "<group>"; };
		18F1639A2BB4B92500B7CEC8 /* EventifyApp1.app */ = {isa = PBXFileReference; explicitFileType = wrapper.application; includeInIndex = 0; path = EventifyApp1.app; sourceTree = BUILT_PRODUCTS_DIR; };
		18F1639D2BB4B92500B7CEC8 /* AppDelegate.swift */ = {isa = PBXFileReference; lastKnownFileType = sourcecode.swift; path = AppDelegate.swift; sourceTree = "<group>"; };
		18F1639F2BB4B92500B7CEC8 /* SceneDelegate.swift */ = {isa = PBXFileReference; lastKnownFileType = sourcecode.swift; path = SceneDelegate.swift; sourceTree = "<group>"; };
		18F163A12BB4B92500B7CEC8 /* ViewController.swift */ = {isa = PBXFileReference; lastKnownFileType = sourcecode.swift; path = ViewController.swift; sourceTree = "<group>"; };
		18F163A42BB4B92500B7CEC8 /* Base */ = {isa = PBXFileReference; lastKnownFileType = file.storyboard; name = Base; path = Base.lproj/Main.storyboard; sourceTree = "<group>"; };
		18F163A72BB4B92500B7CEC8 /* EventifyApp1.xcdatamodel */ = {isa = PBXFileReference; lastKnownFileType = wrapper.xcdatamodel; path = EventifyApp1.xcdatamodel; sourceTree = "<group>"; };
		18F163A92BB4B92600B7CEC8 /* Assets.xcassets */ = {isa = PBXFileReference; lastKnownFileType = folder.assetcatalog; path = Assets.xcassets; sourceTree = "<group>"; };
		18F163AC2BB4B92600B7CEC8 /* Base */ = {isa = PBXFileReference; lastKnownFileType = file.storyboard; name = Base; path = Base.lproj/LaunchScreen.storyboard; sourceTree = "<group>"; };
		18F163AE2BB4B92600B7CEC8 /* Info.plist */ = {isa = PBXFileReference; lastKnownFileType = text.plist.xml; path = Info.plist; sourceTree = "<group>"; };
/* End PBXFileReference section */

/* Begin PBXFrameworksBuildPhase section */
		18F163972BB4B92500B7CEC8 /* Frameworks */ = {
			isa = PBXFrameworksBuildPhase;
			buildActionMask = 2147483647;
			files = (
				18F648C12C5E9D4100D1228E /* FirebaseStorageCombine-Community in Frameworks */,
				18F648B92C5E9D4100D1228E /* FirebaseMessaging in Frameworks */,
				18F648B72C5E9D4100D1228E /* FirebaseMLModelDownloader in Frameworks */,
				18F6489D2C5E9D4100D1228E /* FirebaseAppCheck in Frameworks */,
				18F648A12C5E9D4100D1228E /* FirebaseAuth in Frameworks */,
				18F648972C5E9D4100D1228E /* FirebaseAnalytics in Frameworks */,
				18F6489F2C5E9D4100D1228E /* FirebaseAppDistribution-Beta in Frameworks */,
				18F6489B2C5E9D4100D1228E /* FirebaseAnalyticsWithoutAdIdSupport in Frameworks */,
				18F648A52C5E9D4100D1228E /* FirebaseCrashlytics in Frameworks */,
				18F648A72C5E9D4100D1228E /* FirebaseDatabase in Frameworks */,
				18F648B12C5E9D4100D1228E /* FirebaseFunctionsCombine-Community in Frameworks */,
				18F648A32C5E9D4100D1228E /* FirebaseAuthCombine-Community in Frameworks */,
				18F648BF2C5E9D4100D1228E /* FirebaseStorage in Frameworks */,
				18F648992C5E9D4100D1228E /* FirebaseAnalyticsOnDeviceConversion in Frameworks */,
				18F648AF2C5E9D4100D1228E /* FirebaseFunctions in Frameworks */,
				18F648B52C5E9D4100D1228E /* FirebaseInstallations in Frameworks */,
				18F648BB2C5E9D4100D1228E /* FirebasePerformance in Frameworks */,
				18F648AD2C5E9D4100D1228E /* FirebaseFirestoreCombine-Community in Frameworks */,
				18F648C62C5E9D6200D1228E /* SDWebImage in Frameworks */,
				18F648AB2C5E9D4100D1228E /* FirebaseFirestore in Frameworks */,
				18F648A92C5E9D4100D1228E /* FirebaseDynamicLinks in Frameworks */,
				18F648C82C5E9D6200D1228E /* SDWebImageMapKit in Frameworks */,
				18F648B32C5E9D4100D1228E /* FirebaseInAppMessaging-Beta in Frameworks */,
				18F648C32C5E9D4100D1228E /* FirebaseVertexAI-Preview in Frameworks */,
				18F648BD2C5E9D4100D1228E /* FirebaseRemoteConfig in Frameworks */,
			);
			runOnlyForDeploymentPostprocessing = 0;
		};
/* End PBXFrameworksBuildPhase section */

/* Begin PBXGroup section */
		18467AEF2C5FF9C3003FBB27 /* Gloria_Hallelujah */ = {
			isa = PBXGroup;
			children = (
				18467AED2C5FF9C3003FBB27 /* GloriaHallelujah-Regular.ttf */,
				18467AEE2C5FF9C3003FBB27 /* OFL.txt */,
			);
			path = Gloria_Hallelujah;
			sourceTree = "<group>";
		};
		18F163912BB4B92500B7CEC8 = {
			isa = PBXGroup;
			children = (
				18F1639C2BB4B92500B7CEC8 /* EventifyApp1 */,
				18F1639B2BB4B92500B7CEC8 /* Products */,
			);
			sourceTree = "<group>";
		};
		18F1639B2BB4B92500B7CEC8 /* Products */ = {
			isa = PBXGroup;
			children = (
				18F1639A2BB4B92500B7CEC8 /* EventifyApp1.app */,
			);
			name = Products;
			sourceTree = "<group>";
		};
		18F1639C2BB4B92500B7CEC8 /* EventifyApp1 */ = {
			isa = PBXGroup;
			children = (
				18F1639D2BB4B92500B7CEC8 /* AppDelegate.swift */,
				18F1639F2BB4B92500B7CEC8 /* SceneDelegate.swift */,
				18F163A12BB4B92500B7CEC8 /* ViewController.swift */,
				186129B62BBC269A00CC4DA7 /* SignupVC.swift */,
				1857C4882BB863E5005C73EB /* FeedViewController.swift */,
				1857C48A2BB8640C005C73EB /* UploadViewController.swift */,
				1857C48C2BB8642B005C73EB /* SettingsViewController.swift */,
				18DE0E8A2BB9FCA400DA185A /* FeedCell.swift */,
				18F163A32BB4B92500B7CEC8 /* Main.storyboard */,
				18467AEF2C5FF9C3003FBB27 /* Gloria_Hallelujah */,
				18F163A92BB4B92600B7CEC8 /* Assets.xcassets */,
				18F163AB2BB4B92600B7CEC8 /* LaunchScreen.storyboard */,
				18F163AE2BB4B92600B7CEC8 /* Info.plist */,
				1860B62A2BB70EE4002D4784 /* GoogleService-Info.plist */,
				18F163A62BB4B92500B7CEC8 /* EventifyApp1.xcdatamodeld */,
			);
			path = EventifyApp1;
			sourceTree = "<group>";
		};
/* End PBXGroup section */

/* Begin PBXNativeTarget section */
		18F163992BB4B92500B7CEC8 /* EventifyApp1 */ = {
			isa = PBXNativeTarget;
			buildConfigurationList = 18F163B12BB4B92600B7CEC8 /* Build configuration list for PBXNativeTarget "EventifyApp1" */;
			buildPhases = (
				18F163962BB4B92500B7CEC8 /* Sources */,
				18F163972BB4B92500B7CEC8 /* Frameworks */,
				18F163982BB4B92500B7CEC8 /* Resources */,
			);
			buildRules = (
			);
			dependencies = (
			);
			name = EventifyApp1;
			packageProductDependencies = (
				18F648962C5E9D4100D1228E /* FirebaseAnalytics */,
				18F648982C5E9D4100D1228E /* FirebaseAnalyticsOnDeviceConversion */,
				18F6489A2C5E9D4100D1228E /* FirebaseAnalyticsWithoutAdIdSupport */,
				18F6489C2C5E9D4100D1228E /* FirebaseAppCheck */,
				18F6489E2C5E9D4100D1228E /* FirebaseAppDistribution-Beta */,
				18F648A02C5E9D4100D1228E /* FirebaseAuth */,
				18F648A22C5E9D4100D1228E /* FirebaseAuthCombine-Community */,
				18F648A42C5E9D4100D1228E /* FirebaseCrashlytics */,
				18F648A62C5E9D4100D1228E /* FirebaseDatabase */,
				18F648A82C5E9D4100D1228E /* FirebaseDynamicLinks */,
				18F648AA2C5E9D4100D1228E /* FirebaseFirestore */,
				18F648AC2C5E9D4100D1228E /* FirebaseFirestoreCombine-Community */,
				18F648AE2C5E9D4100D1228E /* FirebaseFunctions */,
				18F648B02C5E9D4100D1228E /* FirebaseFunctionsCombine-Community */,
				18F648B22C5E9D4100D1228E /* FirebaseInAppMessaging-Beta */,
				18F648B42C5E9D4100D1228E /* FirebaseInstallations */,
				18F648B62C5E9D4100D1228E /* FirebaseMLModelDownloader */,
				18F648B82C5E9D4100D1228E /* FirebaseMessaging */,
				18F648BA2C5E9D4100D1228E /* FirebasePerformance */,
				18F648BC2C5E9D4100D1228E /* FirebaseRemoteConfig */,
				18F648BE2C5E9D4100D1228E /* FirebaseStorage */,
				18F648C02C5E9D4100D1228E /* FirebaseStorageCombine-Community */,
				18F648C22C5E9D4100D1228E /* FirebaseVertexAI-Preview */,
				18F648C52C5E9D6200D1228E /* SDWebImage */,
				18F648C72C5E9D6200D1228E /* SDWebImageMapKit */,
			);
			productName = EventifyApp1;
			productReference = 18F1639A2BB4B92500B7CEC8 /* EventifyApp1.app */;
			productType = "com.apple.product-type.application";
		};
/* End PBXNativeTarget section */

/* Begin PBXProject section */
		18F163922BB4B92500B7CEC8 /* Project object */ = {
			isa = PBXProject;
			attributes = {
				BuildIndependentTargetsInParallel = 1;
				LastSwiftUpdateCheck = 1520;
				LastUpgradeCheck = 1520;
				TargetAttributes = {
					18F163992BB4B92500B7CEC8 = {
						CreatedOnToolsVersion = 15.2;
					};
				};
			};
			buildConfigurationList = 18F163952BB4B92500B7CEC8 /* Build configuration list for PBXProject "EventifyApp1" */;
			compatibilityVersion = "Xcode 14.0";
			developmentRegion = en;
			hasScannedForEncodings = 0;
			knownRegions = (
				en,
				Base,
			);
			mainGroup = 18F163912BB4B92500B7CEC8;
			packageReferences = (
				18F648952C5E9D4100D1228E /* XCRemoteSwiftPackageReference "firebase-ios-sdk" */,
				18F648C42C5E9D6200D1228E /* XCRemoteSwiftPackageReference "SDWebImage" */,
			);
			productRefGroup = 18F1639B2BB4B92500B7CEC8 /* Products */;
			projectDirPath = "";
			projectRoot = "";
			targets = (
				18F163992BB4B92500B7CEC8 /* EventifyApp1 */,
			);
		};
/* End PBXProject section */

/* Begin PBXResourcesBuildPhase section */
		18F163982BB4B92500B7CEC8 /* Resources */ = {
			isa = PBXResourcesBuildPhase;
			buildActionMask = 2147483647;
			files = (
				18467AF12C5FF9C3003FBB27 /* OFL.txt in Resources */,
				18467AF02C5FF9C3003FBB27 /* GloriaHallelujah-Regular.ttf in Resources */,
				18F163AD2BB4B92600B7CEC8 /* LaunchScreen.storyboard in Resources */,
				1860B62B2BB70EE4002D4784 /* GoogleService-Info.plist in Resources */,
				18F163AA2BB4B92600B7CEC8 /* Assets.xcassets in Resources */,
				18F163A52BB4B92500B7CEC8 /* Main.storyboard in Resources */,
			);
			runOnlyForDeploymentPostprocessing = 0;
		};
/* End PBXResourcesBuildPhase section */

/* Begin PBXSourcesBuildPhase section */
		18F163962BB4B92500B7CEC8 /* Sources */ = {
			isa = PBXSourcesBuildPhase;
			buildActionMask = 2147483647;
			files = (
				18F163A22BB4B92500B7CEC8 /* ViewController.swift in Sources */,
				1857C48B2BB8640C005C73EB /* UploadViewController.swift in Sources */,
				1857C48D2BB8642B005C73EB /* SettingsViewController.swift in Sources */,
				186129B72BBC269A00CC4DA7 /* SignupVC.swift in Sources */,
				18F163A82BB4B92500B7CEC8 /* EventifyApp1.xcdatamodeld in Sources */,
				1857C4892BB863E5005C73EB /* FeedViewController.swift in Sources */,
				18DE0E8B2BB9FCA400DA185A /* FeedCell.swift in Sources */,
				18F1639E2BB4B92500B7CEC8 /* AppDelegate.swift in Sources */,
				18F163A02BB4B92500B7CEC8 /* SceneDelegate.swift in Sources */,
			);
			runOnlyForDeploymentPostprocessing = 0;
		};
/* End PBXSourcesBuildPhase section */

/* Begin PBXVariantGroup section */
		18F163A32BB4B92500B7CEC8 /* Main.storyboard */ = {
			isa = PBXVariantGroup;
			children = (
				18F163A42BB4B92500B7CEC8 /* Base */,
			);
			name = Main.storyboard;
			sourceTree = "<group>";
		};
		18F163AB2BB4B92600B7CEC8 /* LaunchScreen.storyboard */ = {
			isa = PBXVariantGroup;
			children = (
				18F163AC2BB4B92600B7CEC8 /* Base */,
			);
			name = LaunchScreen.storyboard;
			sourceTree = "<group>";
		};
/* End PBXVariantGroup section */

/* Begin XCBuildConfiguration section */
		18F163AF2BB4B92600B7CEC8 /* Debug */ = {
			isa = XCBuildConfiguration;
			buildSettings = {
				ALWAYS_SEARCH_USER_PATHS = NO;
				ASSETCATALOG_COMPILER_GENERATE_SWIFT_ASSET_SYMBOL_EXTENSIONS = YES;
				CLANG_ANALYZER_NONNULL = YES;
				CLANG_ANALYZER_NUMBER_OBJECT_CONVERSION = YES_AGGRESSIVE;
				CLANG_CXX_LANGUAGE_STANDARD = "gnu++20";
				CLANG_ENABLE_MODULES = YES;
				CLANG_ENABLE_OBJC_ARC = YES;
				CLANG_ENABLE_OBJC_WEAK = YES;
				CLANG_WARN_BLOCK_CAPTURE_AUTORELEASING = YES;
				CLANG_WARN_BOOL_CONVERSION = YES;
				CLANG_WARN_COMMA = YES;
				CLANG_WARN_CONSTANT_CONVERSION = YES;
				CLANG_WARN_DEPRECATED_OBJC_IMPLEMENTATIONS = YES;
				CLANG_WARN_DIRECT_OBJC_ISA_USAGE = YES_ERROR;
				CLANG_WARN_DOCUMENTATION_COMMENTS = YES;
				CLANG_WARN_EMPTY_BODY = YES;
				CLANG_WARN_ENUM_CONVERSION = YES;
				CLANG_WARN_INFINITE_RECURSION = YES;
				CLANG_WARN_INT_CONVERSION = YES;
				CLANG_WARN_NON_LITERAL_NULL_CONVERSION = YES;
				CLANG_WARN_OBJC_IMPLICIT_RETAIN_SELF = YES;
				CLANG_WARN_OBJC_LITERAL_CONVERSION = YES;
				CLANG_WARN_OBJC_ROOT_CLASS = YES_ERROR;
				CLANG_WARN_QUOTED_INCLUDE_IN_FRAMEWORK_HEADER = YES;
				CLANG_WARN_RANGE_LOOP_ANALYSIS = YES;
				CLANG_WARN_STRICT_PROTOTYPES = YES;
				CLANG_WARN_SUSPICIOUS_MOVE = YES;
				CLANG_WARN_UNGUARDED_AVAILABILITY = YES_AGGRESSIVE;
				CLANG_WARN_UNREACHABLE_CODE = YES;
				CLANG_WARN__DUPLICATE_METHOD_MATCH = YES;
				COPY_PHASE_STRIP = NO;
				DEBUG_INFORMATION_FORMAT = dwarf;
				ENABLE_STRICT_OBJC_MSGSEND = YES;
				ENABLE_TESTABILITY = YES;
				ENABLE_USER_SCRIPT_SANDBOXING = YES;
				GCC_C_LANGUAGE_STANDARD = gnu17;
				GCC_DYNAMIC_NO_PIC = NO;
				GCC_NO_COMMON_BLOCKS = YES;
				GCC_OPTIMIZATION_LEVEL = 0;
				GCC_PREPROCESSOR_DEFINITIONS = (
					"DEBUG=1",
					"$(inherited)",
				);
				GCC_WARN_64_TO_32_BIT_CONVERSION = YES;
				GCC_WARN_ABOUT_RETURN_TYPE = YES_ERROR;
				GCC_WARN_UNDECLARED_SELECTOR = YES;
				GCC_WARN_UNINITIALIZED_AUTOS = YES_AGGRESSIVE;
				GCC_WARN_UNUSED_FUNCTION = YES;
				GCC_WARN_UNUSED_VARIABLE = YES;
				IPHONEOS_DEPLOYMENT_TARGET = 17.2;
				LOCALIZATION_PREFERS_STRING_CATALOGS = YES;
				MTL_ENABLE_DEBUG_INFO = INCLUDE_SOURCE;
				MTL_FAST_MATH = YES;
				ONLY_ACTIVE_ARCH = YES;
				SDKROOT = iphoneos;
				SWIFT_ACTIVE_COMPILATION_CONDITIONS = "DEBUG $(inherited)";
				SWIFT_OPTIMIZATION_LEVEL = "-Onone";
			};
			name = Debug;
		};
		18F163B02BB4B92600B7CEC8 /* Release */ = {
			isa = XCBuildConfiguration;
			buildSettings = {
				ALWAYS_SEARCH_USER_PATHS = NO;
				ASSETCATALOG_COMPILER_GENERATE_SWIFT_ASSET_SYMBOL_EXTENSIONS = YES;
				CLANG_ANALYZER_NONNULL = YES;
				CLANG_ANALYZER_NUMBER_OBJECT_CONVERSION = YES_AGGRESSIVE;
				CLANG_CXX_LANGUAGE_STANDARD = "gnu++20";
				CLANG_ENABLE_MODULES = YES;
				CLANG_ENABLE_OBJC_ARC = YES;
				CLANG_ENABLE_OBJC_WEAK = YES;
				CLANG_WARN_BLOCK_CAPTURE_AUTORELEASING = YES;
				CLANG_WARN_BOOL_CONVERSION = YES;
				CLANG_WARN_COMMA = YES;
				CLANG_WARN_CONSTANT_CONVERSION = YES;
				CLANG_WARN_DEPRECATED_OBJC_IMPLEMENTATIONS = YES;
				CLANG_WARN_DIRECT_OBJC_ISA_USAGE = YES_ERROR;
				CLANG_WARN_DOCUMENTATION_COMMENTS = YES;
				CLANG_WARN_EMPTY_BODY = YES;
				CLANG_WARN_ENUM_CONVERSION = YES;
				CLANG_WARN_INFINITE_RECURSION = YES;
				CLANG_WARN_INT_CONVERSION = YES;
				CLANG_WARN_NON_LITERAL_NULL_CONVERSION = YES;
				CLANG_WARN_OBJC_IMPLICIT_RETAIN_SELF = YES;
				CLANG_WARN_OBJC_LITERAL_CONVERSION = YES;
				CLANG_WARN_OBJC_ROOT_CLASS = YES_ERROR;
				CLANG_WARN_QUOTED_INCLUDE_IN_FRAMEWORK_HEADER = YES;
				CLANG_WARN_RANGE_LOOP_ANALYSIS = YES;
				CLANG_WARN_STRICT_PROTOTYPES = YES;
				CLANG_WARN_SUSPICIOUS_MOVE = YES;
				CLANG_WARN_UNGUARDED_AVAILABILITY = YES_AGGRESSIVE;
				CLANG_WARN_UNREACHABLE_CODE = YES;
				CLANG_WARN__DUPLICATE_METHOD_MATCH = YES;
				COPY_PHASE_STRIP = NO;
				DEBUG_INFORMATION_FORMAT = "dwarf-with-dsym";
				ENABLE_NS_ASSERTIONS = NO;
				ENABLE_STRICT_OBJC_MSGSEND = YES;
				ENABLE_USER_SCRIPT_SANDBOXING = YES;
				GCC_C_LANGUAGE_STANDARD = gnu17;
				GCC_NO_COMMON_BLOCKS = YES;
				GCC_WARN_64_TO_32_BIT_CONVERSION = YES;
				GCC_WARN_ABOUT_RETURN_TYPE = YES_ERROR;
				GCC_WARN_UNDECLARED_SELECTOR = YES;
				GCC_WARN_UNINITIALIZED_AUTOS = YES_AGGRESSIVE;
				GCC_WARN_UNUSED_FUNCTION = YES;
				GCC_WARN_UNUSED_VARIABLE = YES;
				IPHONEOS_DEPLOYMENT_TARGET = 17.2;
				LOCALIZATION_PREFERS_STRING_CATALOGS = YES;
				MTL_ENABLE_DEBUG_INFO = NO;
				MTL_FAST_MATH = YES;
				SDKROOT = iphoneos;
				SWIFT_COMPILATION_MODE = wholemodule;
				VALIDATE_PRODUCT = YES;
			};
			name = Release;
		};
		18F163B22BB4B92600B7CEC8 /* Debug */ = {
			isa = XCBuildConfiguration;
			buildSettings = {
				ASSETCATALOG_COMPILER_APPICON_NAME = AppIcon;
				ASSETCATALOG_COMPILER_GLOBAL_ACCENT_COLOR_NAME = AccentColor;
				CODE_SIGN_STYLE = Automatic;
				CURRENT_PROJECT_VERSION = 1;
				ENABLE_USER_SCRIPT_SANDBOXING = NO;
				GENERATE_INFOPLIST_FILE = YES;
				INFOPLIST_FILE = EventifyApp1/Info.plist;
				INFOPLIST_KEY_UIApplicationSupportsIndirectInputEvents = YES;
				INFOPLIST_KEY_UILaunchStoryboardName = LaunchScreen;
				INFOPLIST_KEY_UIMainStoryboardFile = Main;
				INFOPLIST_KEY_UISupportedInterfaceOrientations_iPad = "UIInterfaceOrientationPortrait UIInterfaceOrientationPortraitUpsideDown UIInterfaceOrientationLandscapeLeft UIInterfaceOrientationLandscapeRight";
				INFOPLIST_KEY_UISupportedInterfaceOrientations_iPhone = "UIInterfaceOrientationPortrait UIInterfaceOrientationLandscapeLeft UIInterfaceOrientationLandscapeRight";
				LD_RUNPATH_SEARCH_PATHS = (
					"$(inherited)",
					"@executable_path/Frameworks",
				);
				MARKETING_VERSION = 1.0;
				PRODUCT_BUNDLE_IDENTIFIER = SelinSekerr.EventifyApp1;
				PRODUCT_NAME = "$(TARGET_NAME)";
				SWIFT_EMIT_LOC_STRINGS = YES;
				SWIFT_VERSION = 5.0;
				TARGETED_DEVICE_FAMILY = "1,2";
			};
			name = Debug;
		};
		18F163B32BB4B92600B7CEC8 /* Release */ = {
			isa = XCBuildConfiguration;
			buildSettings = {
				ASSETCATALOG_COMPILER_APPICON_NAME = AppIcon;
				ASSETCATALOG_COMPILER_GLOBAL_ACCENT_COLOR_NAME = AccentColor;
				CODE_SIGN_STYLE = Automatic;
				CURRENT_PROJECT_VERSION = 1;
				ENABLE_USER_SCRIPT_SANDBOXING = NO;
				GENERATE_INFOPLIST_FILE = YES;
				INFOPLIST_FILE = EventifyApp1/Info.plist;
				INFOPLIST_KEY_UIApplicationSupportsIndirectInputEvents = YES;
				INFOPLIST_KEY_UILaunchStoryboardName = LaunchScreen;
				INFOPLIST_KEY_UIMainStoryboardFile = Main;
				INFOPLIST_KEY_UISupportedInterfaceOrientations_iPad = "UIInterfaceOrientationPortrait UIInterfaceOrientationPortraitUpsideDown UIInterfaceOrientationLandscapeLeft UIInterfaceOrientationLandscapeRight";
				INFOPLIST_KEY_UISupportedInterfaceOrientations_iPhone = "UIInterfaceOrientationPortrait UIInterfaceOrientationLandscapeLeft UIInterfaceOrientationLandscapeRight";
				LD_RUNPATH_SEARCH_PATHS = (
					"$(inherited)",
					"@executable_path/Frameworks",
				);
				MARKETING_VERSION = 1.0;
				PRODUCT_BUNDLE_IDENTIFIER = SelinSekerr.EventifyApp1;
				PRODUCT_NAME = "$(TARGET_NAME)";
				SWIFT_EMIT_LOC_STRINGS = YES;
				SWIFT_VERSION = 5.0;
				TARGETED_DEVICE_FAMILY = "1,2";
			};
			name = Release;
		};
/* End XCBuildConfiguration section */

/* Begin XCConfigurationList section */
		18F163952BB4B92500B7CEC8 /* Build configuration list for PBXProject "EventifyApp1" */ = {
			isa = XCConfigurationList;
			buildConfigurations = (
				18F163AF2BB4B92600B7CEC8 /* Debug */,
				18F163B02BB4B92600B7CEC8 /* Release */,
			);
			defaultConfigurationIsVisible = 0;
			defaultConfigurationName = Release;
		};
		18F163B12BB4B92600B7CEC8 /* Build configuration list for PBXNativeTarget "EventifyApp1" */ = {
			isa = XCConfigurationList;
			buildConfigurations = (
				18F163B22BB4B92600B7CEC8 /* Debug */,
				18F163B32BB4B92600B7CEC8 /* Release */,
			);
			defaultConfigurationIsVisible = 0;
			defaultConfigurationName = Release;
		};
/* End XCConfigurationList section */

/* Begin XCRemoteSwiftPackageReference section */
		18F648952C5E9D4100D1228E /* XCRemoteSwiftPackageReference "firebase-ios-sdk" */ = {
			isa = XCRemoteSwiftPackageReference;
			repositoryURL = "https://github.com/firebase/firebase-ios-sdk";
			requirement = {
				kind = upToNextMajorVersion;
				minimumVersion = 11.0.0;
			};
		};
		18F648C42C5E9D6200D1228E /* XCRemoteSwiftPackageReference "SDWebImage" */ = {
			isa = XCRemoteSwiftPackageReference;
			repositoryURL = "https://github.com/SDWebImage/SDWebImage.git";
			requirement = {
				kind = upToNextMajorVersion;
				minimumVersion = 5.19.5;
			};
		};
/* End XCRemoteSwiftPackageReference section */

/* Begin XCSwiftPackageProductDependency section */
		18F648962C5E9D4100D1228E /* FirebaseAnalytics */ = {
			isa = XCSwiftPackageProductDependency;
			package = 18F648952C5E9D4100D1228E /* XCRemoteSwiftPackageReference "firebase-ios-sdk" */;
			productName = FirebaseAnalytics;
		};
		18F648982C5E9D4100D1228E /* FirebaseAnalyticsOnDeviceConversion */ = {
			isa = XCSwiftPackageProductDependency;
			package = 18F648952C5E9D4100D1228E /* XCRemoteSwiftPackageReference "firebase-ios-sdk" */;
			productName = FirebaseAnalyticsOnDeviceConversion;
		};
		18F6489A2C5E9D4100D1228E /* FirebaseAnalyticsWithoutAdIdSupport */ = {
			isa = XCSwiftPackageProductDependency;
			package = 18F648952C5E9D4100D1228E /* XCRemoteSwiftPackageReference "firebase-ios-sdk" */;
			productName = FirebaseAnalyticsWithoutAdIdSupport;
		};
		18F6489C2C5E9D4100D1228E /* FirebaseAppCheck */ = {
			isa = XCSwiftPackageProductDependency;
			package = 18F648952C5E9D4100D1228E /* XCRemoteSwiftPackageReference "firebase-ios-sdk" */;
			productName = FirebaseAppCheck;
		};
		18F6489E2C5E9D4100D1228E /* FirebaseAppDistribution-Beta */ = {
			isa = XCSwiftPackageProductDependency;
			package = 18F648952C5E9D4100D1228E /* XCRemoteSwiftPackageReference "firebase-ios-sdk" */;
			productName = "FirebaseAppDistribution-Beta";
		};
		18F648A02C5E9D4100D1228E /* FirebaseAuth */ = {
			isa = XCSwiftPackageProductDependency;
			package = 18F648952C5E9D4100D1228E /* XCRemoteSwiftPackageReference "firebase-ios-sdk" */;
			productName = FirebaseAuth;
		};
		18F648A22C5E9D4100D1228E /* FirebaseAuthCombine-Community */ = {
			isa = XCSwiftPackageProductDependency;
			package = 18F648952C5E9D4100D1228E /* XCRemoteSwiftPackageReference "firebase-ios-sdk" */;
			productName = "FirebaseAuthCombine-Community";
		};
		18F648A42C5E9D4100D1228E /* FirebaseCrashlytics */ = {
			isa = XCSwiftPackageProductDependency;
			package = 18F648952C5E9D4100D1228E /* XCRemoteSwiftPackageReference "firebase-ios-sdk" */;
			productName = FirebaseCrashlytics;
		};
		18F648A62C5E9D4100D1228E /* FirebaseDatabase */ = {
			isa = XCSwiftPackageProductDependency;
			package = 18F648952C5E9D4100D1228E /* XCRemoteSwiftPackageReference "firebase-ios-sdk" */;
			productName = FirebaseDatabase;
		};
		18F648A82C5E9D4100D1228E /* FirebaseDynamicLinks */ = {
			isa = XCSwiftPackageProductDependency;
			package = 18F648952C5E9D4100D1228E /* XCRemoteSwiftPackageReference "firebase-ios-sdk" */;
			productName = FirebaseDynamicLinks;
		};
		18F648AA2C5E9D4100D1228E /* FirebaseFirestore */ = {
			isa = XCSwiftPackageProductDependency;
			package = 18F648952C5E9D4100D1228E /* XCRemoteSwiftPackageReference "firebase-ios-sdk" */;
			productName = FirebaseFirestore;
		};
		18F648AC2C5E9D4100D1228E /* FirebaseFirestoreCombine-Community */ = {
			isa = XCSwiftPackageProductDependency;
			package = 18F648952C5E9D4100D1228E /* XCRemoteSwiftPackageReference "firebase-ios-sdk" */;
			productName = "FirebaseFirestoreCombine-Community";
		};
		18F648AE2C5E9D4100D1228E /* FirebaseFunctions */ = {
			isa = XCSwiftPackageProductDependency;
			package = 18F648952C5E9D4100D1228E /* XCRemoteSwiftPackageReference "firebase-ios-sdk" */;
			productName = FirebaseFunctions;
		};
		18F648B02C5E9D4100D1228E /* FirebaseFunctionsCombine-Community */ = {
			isa = XCSwiftPackageProductDependency;
			package = 18F648952C5E9D4100D1228E /* XCRemoteSwiftPackageReference "firebase-ios-sdk" */;
			productName = "FirebaseFunctionsCombine-Community";
		};
		18F648B22C5E9D4100D1228E /* FirebaseInAppMessaging-Beta */ = {
			isa = XCSwiftPackageProductDependency;
			package = 18F648952C5E9D4100D1228E /* XCRemoteSwiftPackageReference "firebase-ios-sdk" */;
			productName = "FirebaseInAppMessaging-Beta";
		};
		18F648B42C5E9D4100D1228E /* FirebaseInstallations */ = {
			isa = XCSwiftPackageProductDependency;
			package = 18F648952C5E9D4100D1228E /* XCRemoteSwiftPackageReference "firebase-ios-sdk" */;
			productName = FirebaseInstallations;
		};
		18F648B62C5E9D4100D1228E /* FirebaseMLModelDownloader */ = {
			isa = XCSwiftPackageProductDependency;
			package = 18F648952C5E9D4100D1228E /* XCRemoteSwiftPackageReference "firebase-ios-sdk" */;
			productName = FirebaseMLModelDownloader;
		};
		18F648B82C5E9D4100D1228E /* FirebaseMessaging */ = {
			isa = XCSwiftPackageProductDependency;
			package = 18F648952C5E9D4100D1228E /* XCRemoteSwiftPackageReference "firebase-ios-sdk" */;
			productName = FirebaseMessaging;
		};
		18F648BA2C5E9D4100D1228E /* FirebasePerformance */ = {
			isa = XCSwiftPackageProductDependency;
			package = 18F648952C5E9D4100D1228E /* XCRemoteSwiftPackageReference "firebase-ios-sdk" */;
			productName = FirebasePerformance;
		};
		18F648BC2C5E9D4100D1228E /* FirebaseRemoteConfig */ = {
			isa = XCSwiftPackageProductDependency;
			package = 18F648952C5E9D4100D1228E /* XCRemoteSwiftPackageReference "firebase-ios-sdk" */;
			productName = FirebaseRemoteConfig;
		};
		18F648BE2C5E9D4100D1228E /* FirebaseStorage */ = {
			isa = XCSwiftPackageProductDependency;
			package = 18F648952C5E9D4100D1228E /* XCRemoteSwiftPackageReference "firebase-ios-sdk" */;
			productName = FirebaseStorage;
		};
		18F648C02C5E9D4100D1228E /* FirebaseStorageCombine-Community */ = {
			isa = XCSwiftPackageProductDependency;
			package = 18F648952C5E9D4100D1228E /* XCRemoteSwiftPackageReference "firebase-ios-sdk" */;
			productName = "FirebaseStorageCombine-Community";
		};
		18F648C22C5E9D4100D1228E /* FirebaseVertexAI-Preview */ = {
			isa = XCSwiftPackageProductDependency;
			package = 18F648952C5E9D4100D1228E /* XCRemoteSwiftPackageReference "firebase-ios-sdk" */;
			productName = "FirebaseVertexAI-Preview";
		};
		18F648C52C5E9D6200D1228E /* SDWebImage */ = {
			isa = XCSwiftPackageProductDependency;
			package = 18F648C42C5E9D6200D1228E /* XCRemoteSwiftPackageReference "SDWebImage" */;
			productName = SDWebImage;
		};
		18F648C72C5E9D6200D1228E /* SDWebImageMapKit */ = {
			isa = XCSwiftPackageProductDependency;
			package = 18F648C42C5E9D6200D1228E /* XCRemoteSwiftPackageReference "SDWebImage" */;
			productName = SDWebImageMapKit;
		};
/* End XCSwiftPackageProductDependency section */

/* Begin XCVersionGroup section */
		18F163A62BB4B92500B7CEC8 /* EventifyApp1.xcdatamodeld */ = {
			isa = XCVersionGroup;
			children = (
				18F163A72BB4B92500B7CEC8 /* EventifyApp1.xcdatamodel */,
			);
			currentVersion = 18F163A72BB4B92500B7CEC8 /* EventifyApp1.xcdatamodel */;
			path = EventifyApp1.xcdatamodeld;
			sourceTree = "<group>";
			versionGroupType = wrapper.xcdatamodel;
		};
/* End XCVersionGroup section */
	};
	rootObject = 18F163922BB4B92500B7CEC8 /* Project object */;
}
